
Microsoft Visual Studio Solution File, Format Version 12.00
# Visual Studio 15
Project("{FAE04EC0-301F-11D3-BF4B-00C04F79EFBC}") = "Assembly-CSharp", "Assembly-CSharp.csproj", "{8651C83F-8765-AF28-3989-686C733C7806}"
EndProject
Project("{FAE04EC0-301F-11D3-BF4B-00C04F79EFBC}") = "GoogleMobileAds.Editor", "GoogleMobileAds.Editor.csproj", "{1F25A919-FFF5-6F2E-6544-61701C389318}"
EndProject
Global
	GlobalSection(SolutionConfigurationPlatforms) = preSolution
		Debug|Any CPU = Debug|Any CPU
		Release|Any CPU = Release|Any CPU
	EndGlobalSection
	GlobalSection(ProjectConfigurationPlatforms) = postSolution
		{8651C83F-8765-AF28-3989-686C733C7806}.Debug|Any CPU.ActiveCfg = Debug|Any CPU
		{8651C83F-8765-AF28-3989-686C733C7806}.Debug|Any CPU.Build.0 = Debug|Any CPU
		{8651C83F-8765-AF28-3989-686C733C7806}.Release|Any CPU.ActiveCfg = Release|Any CPU
		{8651C83F-8765-AF28-3989-686C733C7806}.Release|Any CPU.Build.0 = Release|Any CPU
		{1F25A919-FFF5-6F2E-6544-61701C389318}.Debug|Any CPU.ActiveCfg = Debug|Any CPU
		{1F25A919-FFF5-6F2E-6544-61701C389318}.Debug|Any CPU.Build.0 = Debug|Any CPU
		{1F25A919-FFF5-6F2E-6544-61701C389318}.Release|Any CPU.ActiveCfg = Release|Any CPU
		{1F25A919-FFF5-6F2E-6544-61701C389318}.Release|Any CPU.Build.0 = Release|Any CPU
	EndGlobalSection
	GlobalSection(SolutionProperties) = preSolution
		HideSolutionNode = FALSE
	EndGlobalSection
EndGlobal
